
Microsoft Visual Studio Solution File, Format Version 12.00
# Visual Studio 14
VisualStudioVersion = 14.0.25420.1
MinimumVisualStudioVersion = 10.0.40219.1
Project("{FAE04EC0-301F-11D3-BF4B-00C04F79EFBC}") = "ProgrammService", "Part1\ProgrammService\ProgrammService.csproj", "{B033D9CB-DD91-4AFD-98E1-0EA01C24ED94}"
EndProject
Project("{FAE04EC0-301F-11D3-BF4B-00C04F79EFBC}") = "ConfigService", "Part1\ConfigService\ConfigService.csproj", "{E4B61137-82A2-44C1-817F-EC11948045C4}"
EndProject
Project("{FAE04EC0-301F-11D3-BF4B-00C04F79EFBC}") = "MEXConfigService", "Part1\MEXConfigService\MEXConfigService.csproj", "{6EB1C733-D2E1-4044-91BC-B6DBC5B82E97}"
EndProject
Project("{FAE04EC0-301F-11D3-BF4B-00C04F79EFBC}") = "MEXProgrammService", "Part1\MEXProgrammService\MEXProgrammService.csproj", "{7DF07FD8-4EB8-4C11-ADD9-1E50B8E90032}"
EndProject
Project("{FAE04EC0-301F-11D3-BF4B-00C04F79EFBC}") = "ProgrammClient", "Part1\ProgrammClient\ProgrammClient.csproj", "{726E3035-3DAF-4475-8A0B-F159FE424CF7}"
EndProject
Project("{FAE04EC0-301F-11D3-BF4B-00C04F79EFBC}") = "ReferenceClient", "Part1\ReferenceClient\ReferenceClient.csproj", "{8565DBDE-5F67-4B2F-9DDA-BFC921E84DD2}"
EndProject
Project("{FAE04EC0-301F-11D3-BF4B-00C04F79EFBC}") = "MexConfigSerciceWCFProg", "Part1\MexConfigSerciceWCFProg\MexConfigSerciceWCFProg.csproj", "{DEACEFCB-6BE5-4A13-9E58-387563531878}"
EndProject
Project("{FAE04EC0-301F-11D3-BF4B-00C04F79EFBC}") = "AsyncClient", "Part2\AsyncClient\AsyncClient.csproj", "{AEEABA57-7DC8-4634-8F67-2FA94BDA37E4}"
	ProjectSection(ProjectDependencies) = postProject
		{DEACEFCB-6BE5-4A13-9E58-387563531878} = {DEACEFCB-6BE5-4A13-9E58-387563531878}
	EndProjectSection
EndProject
Project("{FAE04EC0-301F-11D3-BF4B-00C04F79EFBC}") = "DuplexWCFService", "Part2\DuplexWCFService\DuplexWCFService.csproj", "{C381BB81-79C8-4D63-8BFA-DA2BAB169085}"
EndProject
Project("{FAE04EC0-301F-11D3-BF4B-00C04F79EFBC}") = "DuplexClient", "Part2\DuplexClient\DuplexClient.csproj", "{A183D433-BA50-40D3-AACF-57ECC1687975}"
	ProjectSection(ProjectDependencies) = postProject
		{C381BB81-79C8-4D63-8BFA-DA2BAB169085} = {C381BB81-79C8-4D63-8BFA-DA2BAB169085}
	EndProjectSection
EndProject
Project("{2150E333-8FDC-42A3-9474-1A3956D46DE8}") = "Part1", "Part1", "{5D0C5753-620B-4E95-A0B9-77967DCDE591}"
EndProject
Project("{2150E333-8FDC-42A3-9474-1A3956D46DE8}") = "Part2", "Part2", "{63445768-15A2-4DD1-A0DF-73C9D8241BD6}"
EndProject
Project("{2150E333-8FDC-42A3-9474-1A3956D46DE8}") = "Duplex", "Duplex", "{4A71F6BD-3C03-4BC4-A90F-32BC9AF2222B}"
EndProject
Project("{2150E333-8FDC-42A3-9474-1A3956D46DE8}") = "Begin", "Begin", "{3E1CBE94-D11A-4540-9C47-18E259413098}"
EndProject
Project("{2150E333-8FDC-42A3-9474-1A3956D46DE8}") = "WCFProj", "WCFProj", "{88BF6859-FFE0-4B30-B9E6-1C129549BEF8}"
EndProject
Project("{2150E333-8FDC-42A3-9474-1A3956D46DE8}") = "MEX", "MEX", "{71E6D3C4-55CA-4ACA-9EEA-36D866EABC2B}"
EndProject
Project("{2150E333-8FDC-42A3-9474-1A3956D46DE8}") = "Async", "Async", "{ED0795A5-2E49-4FE9-B7DE-15A4979025F5}"
EndProject
Project("{2150E333-8FDC-42A3-9474-1A3956D46DE8}") = "KnownType", "KnownType", "{34AC202F-57DF-432D-B244-58BF938C797F}"
EndProject
Project("{FAE04EC0-301F-11D3-BF4B-00C04F79EFBC}") = "KnownTypesService", "Part2\KnownTypesService\KnownTypesService.csproj", "{34A33C10-957B-49EB-8C46-86D752F12EB5}"
EndProject
Project("{2150E333-8FDC-42A3-9474-1A3956D46DE8}") = "Part3", "Part3", "{D4E57919-193F-4694-87C8-A1ED72771EE4}"
EndProject
Project("{2150E333-8FDC-42A3-9474-1A3956D46DE8}") = "SOAP", "SOAP", "{477DB826-62F7-4ECB-A3E0-6FE9692F39EA}"
EndProject
Project("{FAE04EC0-301F-11D3-BF4B-00C04F79EFBC}") = "TypedSoapService", "Part3\TypedSoapService\TypedSoapService.csproj", "{62B04DFC-300B-4F0B-8C42-EB2C9C300ACB}"
EndProject
Project("{FAE04EC0-301F-11D3-BF4B-00C04F79EFBC}") = "IOutputChannel", "Part3\IOutputChannel\IOutputChannel.csproj", "{B76E62C3-83E3-43F5-852A-C70C823FF432}"
EndProject
Project("{2150E333-8FDC-42A3-9474-1A3956D46DE8}") = "Part4", "Part4", "{91A0E367-B833-4460-BB8A-6025656DE751}"
EndProject
Project("{FAE04EC0-301F-11D3-BF4B-00C04F79EFBC}") = "EssentialWCF", "Part4\EssentialWCF\EssentialWCF.csproj", "{49EE98A8-B2F3-4B4F-A5A9-27BE9F6DDD82}"
EndProject
Project("{FAE04EC0-301F-11D3-BF4B-00C04F79EFBC}") = "EssentialWCFClient", "Part4\EssentialWCFClient\EssentialWCFClient.csproj", "{2B00CF2B-F1FC-4926-B314-0B400375A720}"
EndProject
Project("{FAE04EC0-301F-11D3-BF4B-00C04F79EFBC}") = "EssentialWCFDual", "Part4\EssentialWCFDual\EssentialWCFDual.csproj", "{4A10655F-F8F4-44E9-8049-A57126C1981A}"
EndProject
Project("{FAE04EC0-301F-11D3-BF4B-00C04F79EFBC}") = "EssentialWCFClientDual", "Part4\EssentialWCFClientDual\EssentialWCFClientDual.csproj", "{F3622000-DF0F-4E51-9605-0969B34973B2}"
EndProject
Project("{FAE04EC0-301F-11D3-BF4B-00C04F79EFBC}") = "EssentialWCFMSMQ", "Part4\EssentialWCFMSMQ\EssentialWCFMSMQ.csproj", "{76F89BEB-E38E-4345-93CC-15BF6C03ECAF}"
EndProject
Project("{FAE04EC0-301F-11D3-BF4B-00C04F79EFBC}") = "EssentialWCFClientMSMQ", "Part4\EssentialWCFClientMSMQ\EssentialWCFClientMSMQ.csproj", "{A30C800B-68F7-4318-92EF-6F31C086EA1B}"
EndProject
Project("{2150E333-8FDC-42A3-9474-1A3956D46DE8}") = "Part5", "Part5", "{7CDB52EF-52B9-4005-8DD1-7B20702090CA}"
EndProject
Project("{2150E333-8FDC-42A3-9474-1A3956D46DE8}") = "Transaction", "Transaction", "{70BD9F6C-FAE5-4AF8-8668-4064454C7151}"
EndProject
Project("{FAE04EC0-301F-11D3-BF4B-00C04F79EFBC}") = "TransactionService", "Part5\TransactionService\TransactionService.csproj", "{6B56A52A-518D-4FFE-88B9-6F4DDFADB3C0}"
EndProject
Project("{FAE04EC0-301F-11D3-BF4B-00C04F79EFBC}") = "TransactionClient", "Part5\TransactionClient\TransactionClient.csproj", "{EA3941D7-4A7A-4D9F-825D-8EED44AD6808}"
EndProject
Project("{2150E333-8FDC-42A3-9474-1A3956D46DE8}") = "Transaction2", "Transaction2", "{0019ADCA-8362-4093-8D49-FAE222807784}"
EndProject
Project("{FAE04EC0-301F-11D3-BF4B-00C04F79EFBC}") = "TransactionService2", "Part5\TransactionService2\TransactionService2.csproj", "{63F1B5CF-02E1-49D3-86A7-71B364DCD2AB}"
EndProject
Project("{FAE04EC0-301F-11D3-BF4B-00C04F79EFBC}") = "TransactionClient2", "Part5\TransactionClient2\TransactionClient2.csproj", "{AE826AA7-20E8-4A9D-B49C-AEAA3F44ABB1}"
EndProject
Project("{2150E333-8FDC-42A3-9474-1A3956D46DE8}") = "CustomBehavior", "CustomBehavior", "{E43D0044-3A5B-431F-97C3-84172A25D023}"
EndProject
Project("{FAE04EC0-301F-11D3-BF4B-00C04F79EFBC}") = "ClientSimple", "Part5\Client1\ClientSimple.csproj", "{0C7F5F89-DCC7-48B3-95AF-A3757CBFCABF}"
EndProject
Project("{FAE04EC0-301F-11D3-BF4B-00C04F79EFBC}") = "ServiceSimple", "Part5\Service1\ServiceSimple.csproj", "{BFA5E8A1-F37A-4457-A87F-039FE47A834A}"
EndProject
Project("{FAE04EC0-301F-11D3-BF4B-00C04F79EFBC}") = "ClientWithAttribute", "Part5\ClientWithAttribute\ClientWithAttribute.csproj", "{E72BAFCA-78B3-42A0-8397-89872569F401}"
EndProject
Project("{FAE04EC0-301F-11D3-BF4B-00C04F79EFBC}") = "ServiceWithAttribute", "Part5\ServiceWithAttribute\ServiceWithAttribute.csproj", "{DD0E3813-C0DE-4F7E-95C5-706B38EF443E}"
EndProject
Project("{FAE04EC0-301F-11D3-BF4B-00C04F79EFBC}") = "ServiceWithConfigBehavior", "Part5\ServiceWithConfigBehavior\ServiceWithConfigBehavior.csproj", "{172773A3-EF82-4979-B930-EEC6FD090F6B}"
EndProject
Project("{2150E333-8FDC-42A3-9474-1A3956D46DE8}") = "Part6", "Part6", "{3DB5DEC7-91CD-4476-A6BE-60C6C4BA5210}"
EndProject
Project("{FAE04EC0-301F-11D3-BF4B-00C04F79EFBC}") = "ServiceSaveCycleReference", "Part6\ServiceSaveCycleReference\ServiceSaveCycleReference.csproj", "{55926B52-DABB-4B35-A381-EDA8B2D1D97F}"
EndProject
Project("{FAE04EC0-301F-11D3-BF4B-00C04F79EFBC}") = "ClientSaveCycleReference", "Part6\ClientSaveCycleReference\ClientSaveCycleReference.csproj", "{F2B0A910-2752-4C15-88F2-1B243D67BE53}"
EndProject
Project("{FAE04EC0-301F-11D3-BF4B-00C04F79EFBC}") = "ChangeContractService", "Part6\ChangeContractService\ChangeContractService.csproj", "{DBE78B8F-93FD-4978-8744-DB7B21380C1B}"
EndProject
Project("{2150E333-8FDC-42A3-9474-1A3956D46DE8}") = "Part8", "Part8", "{D7B929D8-C806-405B-A50E-B1DB6BFE79A1}"
EndProject
Project("{2150E333-8FDC-42A3-9474-1A3956D46DE8}") = "TransportAuthentication", "TransportAuthentication", "{20CA4FA2-5D3A-4639-B581-063AAFB6C343}"
EndProject
Project("{FAE04EC0-301F-11D3-BF4B-00C04F79EFBC}") = "ChangeContractClient", "Part6\ChangeContractClient\ChangeContractClient.csproj", "{279C2F10-85DB-4AE0-88A8-FD48FA058DB9}"
EndProject
Project("{2150E333-8FDC-42A3-9474-1A3956D46DE8}") = "IntranetAuthentication", "IntranetAuthentication", "{FACDFD7F-3BC9-4277-B9F4-1507C3747CA8}"
EndProject
Project("{2150E333-8FDC-42A3-9474-1A3956D46DE8}") = "IntranetAuthenticationAzMan", "IntranetAuthenticationAzMan", "{CC249BEF-4393-4E08-AAF5-245CA0CEB9D9}"
EndProject
Project("{FAE04EC0-301F-11D3-BF4B-00C04F79EFBC}") = "IntranetWindowsClient", "Part8\IntranetAuthenticationAzMan\IntranetWindowsClient\IntranetWindowsClient.csproj", "{1DF2A438-FC1E-44A1-8052-F0738BDD5E31}"
EndProject
Project("{FAE04EC0-301F-11D3-BF4B-00C04F79EFBC}") = "SelfHostedIntranetWindowsService", "Part8\IntranetAuthenticationAzMan\SelfHostedIntranetWindowsService\SelfHostedIntranetWindowsService.csproj", "{03C09567-8CFC-4420-8446-BBD4AD06194A}"
EndProject
Project("{2150E333-8FDC-42A3-9474-1A3956D46DE8}") = "Audit", "Audit", "{7284713C-8916-4484-BB67-BE77DDD05DDA}"
EndProject
Project("{FAE04EC0-301F-11D3-BF4B-00C04F79EFBC}") = "IntranetWindowsClient", "Part8\Audit\IntranetWindowsClient\IntranetWindowsClient.csproj", "{5A80FF4A-8D90-4A48-A99E-610236A61102}"
EndProject
Project("{FAE04EC0-301F-11D3-BF4B-00C04F79EFBC}") = "SelfHostedIntranetWindowsService", "Part8\Audit\SelfHostedIntranetWindowsService\SelfHostedIntranetWindowsService.csproj", "{253093AC-0E9E-4B1E-A88D-481C4864D733}"
EndProject
Project("{FAE04EC0-301F-11D3-BF4B-00C04F79EFBC}") = "IntranetWindowsClient", "Part8\IntranetAuthentication\IntranetWindowsClient\IntranetWindowsClient.csproj", "{A135BFE3-714D-4A95-B515-D7F3AEDF6B9C}"
EndProject
Project("{FAE04EC0-301F-11D3-BF4B-00C04F79EFBC}") = "SelfHostedIntranetWindowsService", "Part8\IntranetAuthentication\SelfHostedIntranetWindowsService\SelfHostedIntranetWindowsService.csproj", "{743C9CE7-0276-4F3D-8888-9E6630518479}"
EndProject
Project("{FAE04EC0-301F-11D3-BF4B-00C04F79EFBC}") = "TransportAuthenticationClient", "Part8\TransportAuthentication\TransportAuthenticationClient\TransportAuthenticationClient.csproj", "{D4DAF356-8642-493D-95EE-26E917910C72}"
EndProject
Project("{FAE04EC0-301F-11D3-BF4B-00C04F79EFBC}") = "TransportAuthenticationService", "Part8\TransportAuthentication\TransportAuthenticationService\TransportAuthenticationService.csproj", "{09FC48C9-0680-49CF-B586-375E31C8C258}"
EndProject
Project("{2150E333-8FDC-42A3-9474-1A3956D46DE8}") = "Part9", "Part9", "{16D5E730-8BCC-460D-8C3E-92D6118B8379}"
EndProject
Project("{FAE04EC0-301F-11D3-BF4B-00C04F79EFBC}") = "client", "Part9\SelfHost\client\client.csproj", "{F6D8FC2E-62D0-4554-AC3E-1964042590E3}"
EndProject
Project("{2150E333-8FDC-42A3-9474-1A3956D46DE8}") = "SelfHost", "SelfHost", "{898776D5-D5D6-4975-9A18-C6E4101ACBB5}"
EndProject
Project("{FAE04EC0-301F-11D3-BF4B-00C04F79EFBC}") = "service", "Part9\SelfHost\service\service.csproj", "{66C5F965-7C66-479A-9960-A3CA6080A71B}"
EndProject
Global
	GlobalSection(SolutionConfigurationPlatforms) = preSolution
		Debug|Any CPU = Debug|Any CPU
		Release|Any CPU = Release|Any CPU
	EndGlobalSection
	GlobalSection(ProjectConfigurationPlatforms) = postSolution
		{B033D9CB-DD91-4AFD-98E1-0EA01C24ED94}.Debug|Any CPU.ActiveCfg = Debug|Any CPU
		{B033D9CB-DD91-4AFD-98E1-0EA01C24ED94}.Debug|Any CPU.Build.0 = Debug|Any CPU
		{B033D9CB-DD91-4AFD-98E1-0EA01C24ED94}.Release|Any CPU.ActiveCfg = Release|Any CPU
		{B033D9CB-DD91-4AFD-98E1-0EA01C24ED94}.Release|Any CPU.Build.0 = Release|Any CPU
		{E4B61137-82A2-44C1-817F-EC11948045C4}.Debug|Any CPU.ActiveCfg = Debug|Any CPU
		{E4B61137-82A2-44C1-817F-EC11948045C4}.Debug|Any CPU.Build.0 = Debug|Any CPU
		{E4B61137-82A2-44C1-817F-EC11948045C4}.Release|Any CPU.ActiveCfg = Release|Any CPU
		{E4B61137-82A2-44C1-817F-EC11948045C4}.Release|Any CPU.Build.0 = Release|Any CPU
		{6EB1C733-D2E1-4044-91BC-B6DBC5B82E97}.Debug|Any CPU.ActiveCfg = Debug|Any CPU
		{6EB1C733-D2E1-4044-91BC-B6DBC5B82E97}.Debug|Any CPU.Build.0 = Debug|Any CPU
		{6EB1C733-D2E1-4044-91BC-B6DBC5B82E97}.Release|Any CPU.ActiveCfg = Release|Any CPU
		{6EB1C733-D2E1-4044-91BC-B6DBC5B82E97}.Release|Any CPU.Build.0 = Release|Any CPU
		{7DF07FD8-4EB8-4C11-ADD9-1E50B8E90032}.Debug|Any CPU.ActiveCfg = Debug|Any CPU
		{7DF07FD8-4EB8-4C11-ADD9-1E50B8E90032}.Debug|Any CPU.Build.0 = Debug|Any CPU
		{7DF07FD8-4EB8-4C11-ADD9-1E50B8E90032}.Release|Any CPU.ActiveCfg = Release|Any CPU
		{7DF07FD8-4EB8-4C11-ADD9-1E50B8E90032}.Release|Any CPU.Build.0 = Release|Any CPU
		{726E3035-3DAF-4475-8A0B-F159FE424CF7}.Debug|Any CPU.ActiveCfg = Debug|Any CPU
		{726E3035-3DAF-4475-8A0B-F159FE424CF7}.Debug|Any CPU.Build.0 = Debug|Any CPU
		{726E3035-3DAF-4475-8A0B-F159FE424CF7}.Release|Any CPU.ActiveCfg = Release|Any CPU
		{726E3035-3DAF-4475-8A0B-F159FE424CF7}.Release|Any CPU.Build.0 = Release|Any CPU
		{8565DBDE-5F67-4B2F-9DDA-BFC921E84DD2}.Debug|Any CPU.ActiveCfg = Debug|Any CPU
		{8565DBDE-5F67-4B2F-9DDA-BFC921E84DD2}.Debug|Any CPU.Build.0 = Debug|Any CPU
		{8565DBDE-5F67-4B2F-9DDA-BFC921E84DD2}.Release|Any CPU.ActiveCfg = Release|Any CPU
		{8565DBDE-5F67-4B2F-9DDA-BFC921E84DD2}.Release|Any CPU.Build.0 = Release|Any CPU
		{DEACEFCB-6BE5-4A13-9E58-387563531878}.Debug|Any CPU.ActiveCfg = Debug|Any CPU
		{DEACEFCB-6BE5-4A13-9E58-387563531878}.Debug|Any CPU.Build.0 = Debug|Any CPU
		{DEACEFCB-6BE5-4A13-9E58-387563531878}.Release|Any CPU.ActiveCfg = Release|Any CPU
		{DEACEFCB-6BE5-4A13-9E58-387563531878}.Release|Any CPU.Build.0 = Release|Any CPU
		{AEEABA57-7DC8-4634-8F67-2FA94BDA37E4}.Debug|Any CPU.ActiveCfg = Debug|Any CPU
		{AEEABA57-7DC8-4634-8F67-2FA94BDA37E4}.Debug|Any CPU.Build.0 = Debug|Any CPU
		{AEEABA57-7DC8-4634-8F67-2FA94BDA37E4}.Release|Any CPU.ActiveCfg = Release|Any CPU
		{AEEABA57-7DC8-4634-8F67-2FA94BDA37E4}.Release|Any CPU.Build.0 = Release|Any CPU
		{C381BB81-79C8-4D63-8BFA-DA2BAB169085}.Debug|Any CPU.ActiveCfg = Debug|Any CPU
		{C381BB81-79C8-4D63-8BFA-DA2BAB169085}.Debug|Any CPU.Build.0 = Debug|Any CPU
		{C381BB81-79C8-4D63-8BFA-DA2BAB169085}.Release|Any CPU.ActiveCfg = Release|Any CPU
		{C381BB81-79C8-4D63-8BFA-DA2BAB169085}.Release|Any CPU.Build.0 = Release|Any CPU
		{A183D433-BA50-40D3-AACF-57ECC1687975}.Debug|Any CPU.ActiveCfg = Debug|Any CPU
		{A183D433-BA50-40D3-AACF-57ECC1687975}.Debug|Any CPU.Build.0 = Debug|Any CPU
		{A183D433-BA50-40D3-AACF-57ECC1687975}.Release|Any CPU.ActiveCfg = Release|Any CPU
		{A183D433-BA50-40D3-AACF-57ECC1687975}.Release|Any CPU.Build.0 = Release|Any CPU
		{34A33C10-957B-49EB-8C46-86D752F12EB5}.Debug|Any CPU.ActiveCfg = Debug|Any CPU
		{34A33C10-957B-49EB-8C46-86D752F12EB5}.Debug|Any CPU.Build.0 = Debug|Any CPU
		{34A33C10-957B-49EB-8C46-86D752F12EB5}.Release|Any CPU.ActiveCfg = Release|Any CPU
		{34A33C10-957B-49EB-8C46-86D752F12EB5}.Release|Any CPU.Build.0 = Release|Any CPU
		{62B04DFC-300B-4F0B-8C42-EB2C9C300ACB}.Debug|Any CPU.ActiveCfg = Debug|Any CPU
		{62B04DFC-300B-4F0B-8C42-EB2C9C300ACB}.Debug|Any CPU.Build.0 = Debug|Any CPU
		{62B04DFC-300B-4F0B-8C42-EB2C9C300ACB}.Release|Any CPU.ActiveCfg = Release|Any CPU
		{62B04DFC-300B-4F0B-8C42-EB2C9C300ACB}.Release|Any CPU.Build.0 = Release|Any CPU
		{B76E62C3-83E3-43F5-852A-C70C823FF432}.Debug|Any CPU.ActiveCfg = Debug|Any CPU
		{B76E62C3-83E3-43F5-852A-C70C823FF432}.Debug|Any CPU.Build.0 = Debug|Any CPU
		{B76E62C3-83E3-43F5-852A-C70C823FF432}.Release|Any CPU.ActiveCfg = Release|Any CPU
		{B76E62C3-83E3-43F5-852A-C70C823FF432}.Release|Any CPU.Build.0 = Release|Any CPU
		{49EE98A8-B2F3-4B4F-A5A9-27BE9F6DDD82}.Debug|Any CPU.ActiveCfg = Debug|Any CPU
		{49EE98A8-B2F3-4B4F-A5A9-27BE9F6DDD82}.Debug|Any CPU.Build.0 = Debug|Any CPU
		{49EE98A8-B2F3-4B4F-A5A9-27BE9F6DDD82}.Release|Any CPU.ActiveCfg = Release|Any CPU
		{49EE98A8-B2F3-4B4F-A5A9-27BE9F6DDD82}.Release|Any CPU.Build.0 = Release|Any CPU
		{2B00CF2B-F1FC-4926-B314-0B400375A720}.Debug|Any CPU.ActiveCfg = Debug|Any CPU
		{2B00CF2B-F1FC-4926-B314-0B400375A720}.Debug|Any CPU.Build.0 = Debug|Any CPU
		{2B00CF2B-F1FC-4926-B314-0B400375A720}.Release|Any CPU.ActiveCfg = Release|Any CPU
		{2B00CF2B-F1FC-4926-B314-0B400375A720}.Release|Any CPU.Build.0 = Release|Any CPU
		{4A10655F-F8F4-44E9-8049-A57126C1981A}.Debug|Any CPU.ActiveCfg = Debug|Any CPU
		{4A10655F-F8F4-44E9-8049-A57126C1981A}.Debug|Any CPU.Build.0 = Debug|Any CPU
		{4A10655F-F8F4-44E9-8049-A57126C1981A}.Release|Any CPU.ActiveCfg = Release|Any CPU
		{4A10655F-F8F4-44E9-8049-A57126C1981A}.Release|Any CPU.Build.0 = Release|Any CPU
		{F3622000-DF0F-4E51-9605-0969B34973B2}.Debug|Any CPU.ActiveCfg = Debug|Any CPU
		{F3622000-DF0F-4E51-9605-0969B34973B2}.Debug|Any CPU.Build.0 = Debug|Any CPU
		{F3622000-DF0F-4E51-9605-0969B34973B2}.Release|Any CPU.ActiveCfg = Release|Any CPU
		{F3622000-DF0F-4E51-9605-0969B34973B2}.Release|Any CPU.Build.0 = Release|Any CPU
		{76F89BEB-E38E-4345-93CC-15BF6C03ECAF}.Debug|Any CPU.ActiveCfg = Debug|Any CPU
		{76F89BEB-E38E-4345-93CC-15BF6C03ECAF}.Debug|Any CPU.Build.0 = Debug|Any CPU
		{76F89BEB-E38E-4345-93CC-15BF6C03ECAF}.Release|Any CPU.ActiveCfg = Release|Any CPU
		{76F89BEB-E38E-4345-93CC-15BF6C03ECAF}.Release|Any CPU.Build.0 = Release|Any CPU
		{A30C800B-68F7-4318-92EF-6F31C086EA1B}.Debug|Any CPU.ActiveCfg = Debug|Any CPU
		{A30C800B-68F7-4318-92EF-6F31C086EA1B}.Debug|Any CPU.Build.0 = Debug|Any CPU
		{A30C800B-68F7-4318-92EF-6F31C086EA1B}.Release|Any CPU.ActiveCfg = Release|Any CPU
		{A30C800B-68F7-4318-92EF-6F31C086EA1B}.Release|Any CPU.Build.0 = Release|Any CPU
		{6B56A52A-518D-4FFE-88B9-6F4DDFADB3C0}.Debug|Any CPU.ActiveCfg = Debug|Any CPU
		{6B56A52A-518D-4FFE-88B9-6F4DDFADB3C0}.Debug|Any CPU.Build.0 = Debug|Any CPU
		{6B56A52A-518D-4FFE-88B9-6F4DDFADB3C0}.Release|Any CPU.ActiveCfg = Release|Any CPU
		{6B56A52A-518D-4FFE-88B9-6F4DDFADB3C0}.Release|Any CPU.Build.0 = Release|Any CPU
		{EA3941D7-4A7A-4D9F-825D-8EED44AD6808}.Debug|Any CPU.ActiveCfg = Debug|Any CPU
		{EA3941D7-4A7A-4D9F-825D-8EED44AD6808}.Debug|Any CPU.Build.0 = Debug|Any CPU
		{EA3941D7-4A7A-4D9F-825D-8EED44AD6808}.Release|Any CPU.ActiveCfg = Release|Any CPU
		{EA3941D7-4A7A-4D9F-825D-8EED44AD6808}.Release|Any CPU.Build.0 = Release|Any CPU
		{63F1B5CF-02E1-49D3-86A7-71B364DCD2AB}.Debug|Any CPU.ActiveCfg = Debug|Any CPU
		{63F1B5CF-02E1-49D3-86A7-71B364DCD2AB}.Debug|Any CPU.Build.0 = Debug|Any CPU
		{63F1B5CF-02E1-49D3-86A7-71B364DCD2AB}.Release|Any CPU.ActiveCfg = Release|Any CPU
		{63F1B5CF-02E1-49D3-86A7-71B364DCD2AB}.Release|Any CPU.Build.0 = Release|Any CPU
		{AE826AA7-20E8-4A9D-B49C-AEAA3F44ABB1}.Debug|Any CPU.ActiveCfg = Debug|Any CPU
		{AE826AA7-20E8-4A9D-B49C-AEAA3F44ABB1}.Debug|Any CPU.Build.0 = Debug|Any CPU
		{AE826AA7-20E8-4A9D-B49C-AEAA3F44ABB1}.Release|Any CPU.ActiveCfg = Release|Any CPU
		{AE826AA7-20E8-4A9D-B49C-AEAA3F44ABB1}.Release|Any CPU.Build.0 = Release|Any CPU
		{0C7F5F89-DCC7-48B3-95AF-A3757CBFCABF}.Debug|Any CPU.ActiveCfg = Debug|Any CPU
		{0C7F5F89-DCC7-48B3-95AF-A3757CBFCABF}.Debug|Any CPU.Build.0 = Debug|Any CPU
		{0C7F5F89-DCC7-48B3-95AF-A3757CBFCABF}.Release|Any CPU.ActiveCfg = Release|Any CPU
		{0C7F5F89-DCC7-48B3-95AF-A3757CBFCABF}.Release|Any CPU.Build.0 = Release|Any CPU
		{BFA5E8A1-F37A-4457-A87F-039FE47A834A}.Debug|Any CPU.ActiveCfg = Debug|Any CPU
		{BFA5E8A1-F37A-4457-A87F-039FE47A834A}.Debug|Any CPU.Build.0 = Debug|Any CPU
		{BFA5E8A1-F37A-4457-A87F-039FE47A834A}.Release|Any CPU.ActiveCfg = Release|Any CPU
		{BFA5E8A1-F37A-4457-A87F-039FE47A834A}.Release|Any CPU.Build.0 = Release|Any CPU
		{E72BAFCA-78B3-42A0-8397-89872569F401}.Debug|Any CPU.ActiveCfg = Debug|Any CPU
		{E72BAFCA-78B3-42A0-8397-89872569F401}.Debug|Any CPU.Build.0 = Debug|Any CPU
		{E72BAFCA-78B3-42A0-8397-89872569F401}.Release|Any CPU.ActiveCfg = Release|Any CPU
		{E72BAFCA-78B3-42A0-8397-89872569F401}.Release|Any CPU.Build.0 = Release|Any CPU
		{DD0E3813-C0DE-4F7E-95C5-706B38EF443E}.Debug|Any CPU.ActiveCfg = Debug|Any CPU
		{DD0E3813-C0DE-4F7E-95C5-706B38EF443E}.Debug|Any CPU.Build.0 = Debug|Any CPU
		{DD0E3813-C0DE-4F7E-95C5-706B38EF443E}.Release|Any CPU.ActiveCfg = Release|Any CPU
		{DD0E3813-C0DE-4F7E-95C5-706B38EF443E}.Release|Any CPU.Build.0 = Release|Any CPU
		{172773A3-EF82-4979-B930-EEC6FD090F6B}.Debug|Any CPU.ActiveCfg = Debug|Any CPU
		{172773A3-EF82-4979-B930-EEC6FD090F6B}.Debug|Any CPU.Build.0 = Debug|Any CPU
		{172773A3-EF82-4979-B930-EEC6FD090F6B}.Release|Any CPU.ActiveCfg = Release|Any CPU
		{172773A3-EF82-4979-B930-EEC6FD090F6B}.Release|Any CPU.Build.0 = Release|Any CPU
		{55926B52-DABB-4B35-A381-EDA8B2D1D97F}.Debug|Any CPU.ActiveCfg = Debug|Any CPU
		{55926B52-DABB-4B35-A381-EDA8B2D1D97F}.Debug|Any CPU.Build.0 = Debug|Any CPU
		{55926B52-DABB-4B35-A381-EDA8B2D1D97F}.Release|Any CPU.ActiveCfg = Release|Any CPU
		{55926B52-DABB-4B35-A381-EDA8B2D1D97F}.Release|Any CPU.Build.0 = Release|Any CPU
		{F2B0A910-2752-4C15-88F2-1B243D67BE53}.Debug|Any CPU.ActiveCfg = Debug|Any CPU
		{F2B0A910-2752-4C15-88F2-1B243D67BE53}.Debug|Any CPU.Build.0 = Debug|Any CPU
		{F2B0A910-2752-4C15-88F2-1B243D67BE53}.Release|Any CPU.ActiveCfg = Release|Any CPU
		{F2B0A910-2752-4C15-88F2-1B243D67BE53}.Release|Any CPU.Build.0 = Release|Any CPU
		{DBE78B8F-93FD-4978-8744-DB7B21380C1B}.Debug|Any CPU.ActiveCfg = Debug|Any CPU
		{DBE78B8F-93FD-4978-8744-DB7B21380C1B}.Debug|Any CPU.Build.0 = Debug|Any CPU
		{DBE78B8F-93FD-4978-8744-DB7B21380C1B}.Release|Any CPU.ActiveCfg = Release|Any CPU
		{DBE78B8F-93FD-4978-8744-DB7B21380C1B}.Release|Any CPU.Build.0 = Release|Any CPU
		{279C2F10-85DB-4AE0-88A8-FD48FA058DB9}.Debug|Any CPU.ActiveCfg = Debug|Any CPU
		{279C2F10-85DB-4AE0-88A8-FD48FA058DB9}.Debug|Any CPU.Build.0 = Debug|Any CPU
		{279C2F10-85DB-4AE0-88A8-FD48FA058DB9}.Release|Any CPU.ActiveCfg = Release|Any CPU
		{279C2F10-85DB-4AE0-88A8-FD48FA058DB9}.Release|Any CPU.Build.0 = Release|Any CPU
		{1DF2A438-FC1E-44A1-8052-F0738BDD5E31}.Debug|Any CPU.ActiveCfg = Debug|Any CPU
		{1DF2A438-FC1E-44A1-8052-F0738BDD5E31}.Debug|Any CPU.Build.0 = Debug|Any CPU
		{1DF2A438-FC1E-44A1-8052-F0738BDD5E31}.Release|Any CPU.ActiveCfg = Release|Any CPU
		{1DF2A438-FC1E-44A1-8052-F0738BDD5E31}.Release|Any CPU.Build.0 = Release|Any CPU
		{03C09567-8CFC-4420-8446-BBD4AD06194A}.Debug|Any CPU.ActiveCfg = Debug|Any CPU
		{03C09567-8CFC-4420-8446-BBD4AD06194A}.Debug|Any CPU.Build.0 = Debug|Any CPU
		{03C09567-8CFC-4420-8446-BBD4AD06194A}.Release|Any CPU.ActiveCfg = Release|Any CPU
		{03C09567-8CFC-4420-8446-BBD4AD06194A}.Release|Any CPU.Build.0 = Release|Any CPU
		{5A80FF4A-8D90-4A48-A99E-610236A61102}.Debug|Any CPU.ActiveCfg = Debug|Any CPU
		{5A80FF4A-8D90-4A48-A99E-610236A61102}.Debug|Any CPU.Build.0 = Debug|Any CPU
		{5A80FF4A-8D90-4A48-A99E-610236A61102}.Release|Any CPU.ActiveCfg = Release|Any CPU
		{5A80FF4A-8D90-4A48-A99E-610236A61102}.Release|Any CPU.Build.0 = Release|Any CPU
		{253093AC-0E9E-4B1E-A88D-481C4864D733}.Debug|Any CPU.ActiveCfg = Debug|Any CPU
		{253093AC-0E9E-4B1E-A88D-481C4864D733}.Debug|Any CPU.Build.0 = Debug|Any CPU
		{253093AC-0E9E-4B1E-A88D-481C4864D733}.Release|Any CPU.ActiveCfg = Release|Any CPU
		{253093AC-0E9E-4B1E-A88D-481C4864D733}.Release|Any CPU.Build.0 = Release|Any CPU
		{A135BFE3-714D-4A95-B515-D7F3AEDF6B9C}.Debug|Any CPU.ActiveCfg = Debug|Any CPU
		{A135BFE3-714D-4A95-B515-D7F3AEDF6B9C}.Debug|Any CPU.Build.0 = Debug|Any CPU
		{A135BFE3-714D-4A95-B515-D7F3AEDF6B9C}.Release|Any CPU.ActiveCfg = Release|Any CPU
		{A135BFE3-714D-4A95-B515-D7F3AEDF6B9C}.Release|Any CPU.Build.0 = Release|Any CPU
		{743C9CE7-0276-4F3D-8888-9E6630518479}.Debug|Any CPU.ActiveCfg = Debug|Any CPU
		{743C9CE7-0276-4F3D-8888-9E6630518479}.Debug|Any CPU.Build.0 = Debug|Any CPU
		{743C9CE7-0276-4F3D-8888-9E6630518479}.Release|Any CPU.ActiveCfg = Release|Any CPU
		{743C9CE7-0276-4F3D-8888-9E6630518479}.Release|Any CPU.Build.0 = Release|Any CPU
		{D4DAF356-8642-493D-95EE-26E917910C72}.Debug|Any CPU.ActiveCfg = Debug|Any CPU
		{D4DAF356-8642-493D-95EE-26E917910C72}.Debug|Any CPU.Build.0 = Debug|Any CPU
		{D4DAF356-8642-493D-95EE-26E917910C72}.Release|Any CPU.ActiveCfg = Release|Any CPU
		{D4DAF356-8642-493D-95EE-26E917910C72}.Release|Any CPU.Build.0 = Release|Any CPU
		{09FC48C9-0680-49CF-B586-375E31C8C258}.Debug|Any CPU.ActiveCfg = Debug|Any CPU
		{09FC48C9-0680-49CF-B586-375E31C8C258}.Debug|Any CPU.Build.0 = Debug|Any CPU
		{09FC48C9-0680-49CF-B586-375E31C8C258}.Release|Any CPU.ActiveCfg = Release|Any CPU
		{09FC48C9-0680-49CF-B586-375E31C8C258}.Release|Any CPU.Build.0 = Release|Any CPU
		{F6D8FC2E-62D0-4554-AC3E-1964042590E3}.Debug|Any CPU.ActiveCfg = Debug|Any CPU
		{F6D8FC2E-62D0-4554-AC3E-1964042590E3}.Debug|Any CPU.Build.0 = Debug|Any CPU
		{F6D8FC2E-62D0-4554-AC3E-1964042590E3}.Release|Any CPU.ActiveCfg = Release|Any CPU
		{F6D8FC2E-62D0-4554-AC3E-1964042590E3}.Release|Any CPU.Build.0 = Release|Any CPU
		{66C5F965-7C66-479A-9960-A3CA6080A71B}.Debug|Any CPU.ActiveCfg = Debug|Any CPU
		{66C5F965-7C66-479A-9960-A3CA6080A71B}.Debug|Any CPU.Build.0 = Debug|Any CPU
		{66C5F965-7C66-479A-9960-A3CA6080A71B}.Release|Any CPU.ActiveCfg = Release|Any CPU
		{66C5F965-7C66-479A-9960-A3CA6080A71B}.Release|Any CPU.Build.0 = Release|Any CPU
	EndGlobalSection
	GlobalSection(SolutionProperties) = preSolution
		HideSolutionNode = FALSE
	EndGlobalSection
	GlobalSection(NestedProjects) = preSolution
		{B033D9CB-DD91-4AFD-98E1-0EA01C24ED94} = {3E1CBE94-D11A-4540-9C47-18E259413098}
		{E4B61137-82A2-44C1-817F-EC11948045C4} = {3E1CBE94-D11A-4540-9C47-18E259413098}
		{6EB1C733-D2E1-4044-91BC-B6DBC5B82E97} = {71E6D3C4-55CA-4ACA-9EEA-36D866EABC2B}
		{7DF07FD8-4EB8-4C11-ADD9-1E50B8E90032} = {71E6D3C4-55CA-4ACA-9EEA-36D866EABC2B}
		{726E3035-3DAF-4475-8A0B-F159FE424CF7} = {3E1CBE94-D11A-4540-9C47-18E259413098}
		{8565DBDE-5F67-4B2F-9DDA-BFC921E84DD2} = {3E1CBE94-D11A-4540-9C47-18E259413098}
		{DEACEFCB-6BE5-4A13-9E58-387563531878} = {88BF6859-FFE0-4B30-B9E6-1C129549BEF8}
		{AEEABA57-7DC8-4634-8F67-2FA94BDA37E4} = {ED0795A5-2E49-4FE9-B7DE-15A4979025F5}
		{C381BB81-79C8-4D63-8BFA-DA2BAB169085} = {4A71F6BD-3C03-4BC4-A90F-32BC9AF2222B}
		{A183D433-BA50-40D3-AACF-57ECC1687975} = {4A71F6BD-3C03-4BC4-A90F-32BC9AF2222B}
		{4A71F6BD-3C03-4BC4-A90F-32BC9AF2222B} = {63445768-15A2-4DD1-A0DF-73C9D8241BD6}
		{3E1CBE94-D11A-4540-9C47-18E259413098} = {5D0C5753-620B-4E95-A0B9-77967DCDE591}
		{88BF6859-FFE0-4B30-B9E6-1C129549BEF8} = {5D0C5753-620B-4E95-A0B9-77967DCDE591}
		{71E6D3C4-55CA-4ACA-9EEA-36D866EABC2B} = {5D0C5753-620B-4E95-A0B9-77967DCDE591}
		{ED0795A5-2E49-4FE9-B7DE-15A4979025F5} = {63445768-15A2-4DD1-A0DF-73C9D8241BD6}
		{34AC202F-57DF-432D-B244-58BF938C797F} = {63445768-15A2-4DD1-A0DF-73C9D8241BD6}
		{34A33C10-957B-49EB-8C46-86D752F12EB5} = {34AC202F-57DF-432D-B244-58BF938C797F}
		{477DB826-62F7-4ECB-A3E0-6FE9692F39EA} = {63445768-15A2-4DD1-A0DF-73C9D8241BD6}
		{62B04DFC-300B-4F0B-8C42-EB2C9C300ACB} = {477DB826-62F7-4ECB-A3E0-6FE9692F39EA}
		{B76E62C3-83E3-43F5-852A-C70C823FF432} = {D4E57919-193F-4694-87C8-A1ED72771EE4}
		{49EE98A8-B2F3-4B4F-A5A9-27BE9F6DDD82} = {91A0E367-B833-4460-BB8A-6025656DE751}
		{2B00CF2B-F1FC-4926-B314-0B400375A720} = {91A0E367-B833-4460-BB8A-6025656DE751}
		{4A10655F-F8F4-44E9-8049-A57126C1981A} = {91A0E367-B833-4460-BB8A-6025656DE751}
		{F3622000-DF0F-4E51-9605-0969B34973B2} = {91A0E367-B833-4460-BB8A-6025656DE751}
		{76F89BEB-E38E-4345-93CC-15BF6C03ECAF} = {91A0E367-B833-4460-BB8A-6025656DE751}
		{A30C800B-68F7-4318-92EF-6F31C086EA1B} = {91A0E367-B833-4460-BB8A-6025656DE751}
		{70BD9F6C-FAE5-4AF8-8668-4064454C7151} = {7CDB52EF-52B9-4005-8DD1-7B20702090CA}
		{6B56A52A-518D-4FFE-88B9-6F4DDFADB3C0} = {70BD9F6C-FAE5-4AF8-8668-4064454C7151}
		{EA3941D7-4A7A-4D9F-825D-8EED44AD6808} = {70BD9F6C-FAE5-4AF8-8668-4064454C7151}
		{0019ADCA-8362-4093-8D49-FAE222807784} = {7CDB52EF-52B9-4005-8DD1-7B20702090CA}
		{63F1B5CF-02E1-49D3-86A7-71B364DCD2AB} = {0019ADCA-8362-4093-8D49-FAE222807784}
		{AE826AA7-20E8-4A9D-B49C-AEAA3F44ABB1} = {0019ADCA-8362-4093-8D49-FAE222807784}
		{E43D0044-3A5B-431F-97C3-84172A25D023} = {7CDB52EF-52B9-4005-8DD1-7B20702090CA}
		{0C7F5F89-DCC7-48B3-95AF-A3757CBFCABF} = {E43D0044-3A5B-431F-97C3-84172A25D023}
		{BFA5E8A1-F37A-4457-A87F-039FE47A834A} = {E43D0044-3A5B-431F-97C3-84172A25D023}
		{E72BAFCA-78B3-42A0-8397-89872569F401} = {E43D0044-3A5B-431F-97C3-84172A25D023}
		{DD0E3813-C0DE-4F7E-95C5-706B38EF443E} = {E43D0044-3A5B-431F-97C3-84172A25D023}
		{172773A3-EF82-4979-B930-EEC6FD090F6B} = {E43D0044-3A5B-431F-97C3-84172A25D023}
		{55926B52-DABB-4B35-A381-EDA8B2D1D97F} = {3DB5DEC7-91CD-4476-A6BE-60C6C4BA5210}
		{F2B0A910-2752-4C15-88F2-1B243D67BE53} = {3DB5DEC7-91CD-4476-A6BE-60C6C4BA5210}
		{DBE78B8F-93FD-4978-8744-DB7B21380C1B} = {3DB5DEC7-91CD-4476-A6BE-60C6C4BA5210}
		{20CA4FA2-5D3A-4639-B581-063AAFB6C343} = {D7B929D8-C806-405B-A50E-B1DB6BFE79A1}
		{279C2F10-85DB-4AE0-88A8-FD48FA058DB9} = {3DB5DEC7-91CD-4476-A6BE-60C6C4BA5210}
		{FACDFD7F-3BC9-4277-B9F4-1507C3747CA8} = {D7B929D8-C806-405B-A50E-B1DB6BFE79A1}
		{CC249BEF-4393-4E08-AAF5-245CA0CEB9D9} = {D7B929D8-C806-405B-A50E-B1DB6BFE79A1}
		{1DF2A438-FC1E-44A1-8052-F0738BDD5E31} = {CC249BEF-4393-4E08-AAF5-245CA0CEB9D9}
		{03C09567-8CFC-4420-8446-BBD4AD06194A} = {CC249BEF-4393-4E08-AAF5-245CA0CEB9D9}
		{7284713C-8916-4484-BB67-BE77DDD05DDA} = {D7B929D8-C806-405B-A50E-B1DB6BFE79A1}
		{5A80FF4A-8D90-4A48-A99E-610236A61102} = {7284713C-8916-4484-BB67-BE77DDD05DDA}
		{253093AC-0E9E-4B1E-A88D-481C4864D733} = {7284713C-8916-4484-BB67-BE77DDD05DDA}
		{A135BFE3-714D-4A95-B515-D7F3AEDF6B9C} = {FACDFD7F-3BC9-4277-B9F4-1507C3747CA8}
		{743C9CE7-0276-4F3D-8888-9E6630518479} = {FACDFD7F-3BC9-4277-B9F4-1507C3747CA8}
		{D4DAF356-8642-493D-95EE-26E917910C72} = {20CA4FA2-5D3A-4639-B581-063AAFB6C343}
		{09FC48C9-0680-49CF-B586-375E31C8C258} = {20CA4FA2-5D3A-4639-B581-063AAFB6C343}
		{F6D8FC2E-62D0-4554-AC3E-1964042590E3} = {898776D5-D5D6-4975-9A18-C6E4101ACBB5}
		{898776D5-D5D6-4975-9A18-C6E4101ACBB5} = {16D5E730-8BCC-460D-8C3E-92D6118B8379}
		{66C5F965-7C66-479A-9960-A3CA6080A71B} = {898776D5-D5D6-4975-9A18-C6E4101ACBB5}
	EndGlobalSection
EndGlobal
