
Microsoft Visual Studio Solution File, Format Version 12.00
# Visual Studio 14
VisualStudioVersion = 14.0.25420.1
MinimumVisualStudioVersion = 10.0.40219.1
Project("{FAE04EC0-301F-11D3-BF4B-00C04F79EFBC}") = "ProgrammService", "Part1\ProgrammService\ProgrammService.csproj", "{B033D9CB-DD91-4AFD-98E1-0EA01C24ED94}"
EndProject
Project("{FAE04EC0-301F-11D3-BF4B-00C04F79EFBC}") = "ConfigService", "Part1\ConfigService\ConfigService.csproj", "{E4B61137-82A2-44C1-817F-EC11948045C4}"
EndProject
Project("{FAE04EC0-301F-11D3-BF4B-00C04F79EFBC}") = "MEXConfigService", "Part1\MEXConfigService\MEXConfigService.csproj", "{6EB1C733-D2E1-4044-91BC-B6DBC5B82E97}"
EndProject
Project("{FAE04EC0-301F-11D3-BF4B-00C04F79EFBC}") = "MEXProgrammService", "Part1\MEXProgrammService\MEXProgrammService.csproj", "{7DF07FD8-4EB8-4C11-ADD9-1E50B8E90032}"
EndProject
Project("{FAE04EC0-301F-11D3-BF4B-00C04F79EFBC}") = "ProgrammClient", "Part1\ProgrammClient\ProgrammClient.csproj", "{726E3035-3DAF-4475-8A0B-F159FE424CF7}"
EndProject
Project("{FAE04EC0-301F-11D3-BF4B-00C04F79EFBC}") = "ReferenceClient", "Part1\ReferenceClient\ReferenceClient.csproj", "{8565DBDE-5F67-4B2F-9DDA-BFC921E84DD2}"
EndProject
Project("{FAE04EC0-301F-11D3-BF4B-00C04F79EFBC}") = "MexConfigSerciceWCFProg", "Part1\MexConfigSerciceWCFProg\MexConfigSerciceWCFProg.csproj", "{DEACEFCB-6BE5-4A13-9E58-387563531878}"
EndProject
Project("{FAE04EC0-301F-11D3-BF4B-00C04F79EFBC}") = "AsyncClient", "Part2\AsyncClient\AsyncClient.csproj", "{AEEABA57-7DC8-4634-8F67-2FA94BDA37E4}"
	ProjectSection(ProjectDependencies) = postProject
		{DEACEFCB-6BE5-4A13-9E58-387563531878} = {DEACEFCB-6BE5-4A13-9E58-387563531878}
	EndProjectSection
EndProject
Project("{FAE04EC0-301F-11D3-BF4B-00C04F79EFBC}") = "DuplexWCFService", "Part2\DuplexWCFService\DuplexWCFService.csproj", "{C381BB81-79C8-4D63-8BFA-DA2BAB169085}"
EndProject
Project("{FAE04EC0-301F-11D3-BF4B-00C04F79EFBC}") = "DuplexClient", "Part2\DuplexClient\DuplexClient.csproj", "{A183D433-BA50-40D3-AACF-57ECC1687975}"
	ProjectSection(ProjectDependencies) = postProject
		{C381BB81-79C8-4D63-8BFA-DA2BAB169085} = {C381BB81-79C8-4D63-8BFA-DA2BAB169085}
	EndProjectSection
EndProject
Project("{2150E333-8FDC-42A3-9474-1A3956D46DE8}") = "Part1", "Part1", "{5D0C5753-620B-4E95-A0B9-77967DCDE591}"
EndProject
Project("{2150E333-8FDC-42A3-9474-1A3956D46DE8}") = "Part2", "Part2", "{63445768-15A2-4DD1-A0DF-73C9D8241BD6}"
EndProject
Project("{2150E333-8FDC-42A3-9474-1A3956D46DE8}") = "Duplex", "Duplex", "{4A71F6BD-3C03-4BC4-A90F-32BC9AF2222B}"
EndProject
Project("{2150E333-8FDC-42A3-9474-1A3956D46DE8}") = "Begin", "Begin", "{3E1CBE94-D11A-4540-9C47-18E259413098}"
EndProject
Project("{2150E333-8FDC-42A3-9474-1A3956D46DE8}") = "WCFProj", "WCFProj", "{88BF6859-FFE0-4B30-B9E6-1C129549BEF8}"
EndProject
Project("{2150E333-8FDC-42A3-9474-1A3956D46DE8}") = "MEX", "MEX", "{71E6D3C4-55CA-4ACA-9EEA-36D866EABC2B}"
EndProject
Project("{2150E333-8FDC-42A3-9474-1A3956D46DE8}") = "Async", "Async", "{ED0795A5-2E49-4FE9-B7DE-15A4979025F5}"
EndProject
Project("{2150E333-8FDC-42A3-9474-1A3956D46DE8}") = "KnownType", "KnownType", "{34AC202F-57DF-432D-B244-58BF938C797F}"
EndProject
Project("{FAE04EC0-301F-11D3-BF4B-00C04F79EFBC}") = "KnownTypesService", "Part2\KnownTypesService\KnownTypesService.csproj", "{34A33C10-957B-49EB-8C46-86D752F12EB5}"
EndProject
Project("{2150E333-8FDC-42A3-9474-1A3956D46DE8}") = "Part3", "Part3", "{D4E57919-193F-4694-87C8-A1ED72771EE4}"
EndProject
Project("{2150E333-8FDC-42A3-9474-1A3956D46DE8}") = "SOAP", "SOAP", "{477DB826-62F7-4ECB-A3E0-6FE9692F39EA}"
EndProject
Project("{FAE04EC0-301F-11D3-BF4B-00C04F79EFBC}") = "TypedSoapService", "Part3\TypedSoapService\TypedSoapService.csproj", "{62B04DFC-300B-4F0B-8C42-EB2C9C300ACB}"
EndProject
Project("{FAE04EC0-301F-11D3-BF4B-00C04F79EFBC}") = "IOutputChannel", "Part3\IOutputChannel\IOutputChannel.csproj", "{B76E62C3-83E3-43F5-852A-C70C823FF432}"
EndProject
Project("{2150E333-8FDC-42A3-9474-1A3956D46DE8}") = "Part4", "Part4", "{91A0E367-B833-4460-BB8A-6025656DE751}"
EndProject
Project("{FAE04EC0-301F-11D3-BF4B-00C04F79EFBC}") = "EssentialWCF", "Part4\EssentialWCF\EssentialWCF.csproj", "{49EE98A8-B2F3-4B4F-A5A9-27BE9F6DDD82}"
EndProject
Project("{FAE04EC0-301F-11D3-BF4B-00C04F79EFBC}") = "EssentialWCFClient", "Part4\EssentialWCFClient\EssentialWCFClient.csproj", "{2B00CF2B-F1FC-4926-B314-0B400375A720}"
EndProject
Global
	GlobalSection(SolutionConfigurationPlatforms) = preSolution
		Debug|Any CPU = Debug|Any CPU
		Release|Any CPU = Release|Any CPU
	EndGlobalSection
	GlobalSection(ProjectConfigurationPlatforms) = postSolution
		{B033D9CB-DD91-4AFD-98E1-0EA01C24ED94}.Debug|Any CPU.ActiveCfg = Debug|Any CPU
		{B033D9CB-DD91-4AFD-98E1-0EA01C24ED94}.Debug|Any CPU.Build.0 = Debug|Any CPU
		{B033D9CB-DD91-4AFD-98E1-0EA01C24ED94}.Release|Any CPU.ActiveCfg = Release|Any CPU
		{B033D9CB-DD91-4AFD-98E1-0EA01C24ED94}.Release|Any CPU.Build.0 = Release|Any CPU
		{E4B61137-82A2-44C1-817F-EC11948045C4}.Debug|Any CPU.ActiveCfg = Debug|Any CPU
		{E4B61137-82A2-44C1-817F-EC11948045C4}.Debug|Any CPU.Build.0 = Debug|Any CPU
		{E4B61137-82A2-44C1-817F-EC11948045C4}.Release|Any CPU.ActiveCfg = Release|Any CPU
		{E4B61137-82A2-44C1-817F-EC11948045C4}.Release|Any CPU.Build.0 = Release|Any CPU
		{6EB1C733-D2E1-4044-91BC-B6DBC5B82E97}.Debug|Any CPU.ActiveCfg = Debug|Any CPU
		{6EB1C733-D2E1-4044-91BC-B6DBC5B82E97}.Debug|Any CPU.Build.0 = Debug|Any CPU
		{6EB1C733-D2E1-4044-91BC-B6DBC5B82E97}.Release|Any CPU.ActiveCfg = Release|Any CPU
		{6EB1C733-D2E1-4044-91BC-B6DBC5B82E97}.Release|Any CPU.Build.0 = Release|Any CPU
		{7DF07FD8-4EB8-4C11-ADD9-1E50B8E90032}.Debug|Any CPU.ActiveCfg = Debug|Any CPU
		{7DF07FD8-4EB8-4C11-ADD9-1E50B8E90032}.Debug|Any CPU.Build.0 = Debug|Any CPU
		{7DF07FD8-4EB8-4C11-ADD9-1E50B8E90032}.Release|Any CPU.ActiveCfg = Release|Any CPU
		{7DF07FD8-4EB8-4C11-ADD9-1E50B8E90032}.Release|Any CPU.Build.0 = Release|Any CPU
		{726E3035-3DAF-4475-8A0B-F159FE424CF7}.Debug|Any CPU.ActiveCfg = Debug|Any CPU
		{726E3035-3DAF-4475-8A0B-F159FE424CF7}.Debug|Any CPU.Build.0 = Debug|Any CPU
		{726E3035-3DAF-4475-8A0B-F159FE424CF7}.Release|Any CPU.ActiveCfg = Release|Any CPU
		{726E3035-3DAF-4475-8A0B-F159FE424CF7}.Release|Any CPU.Build.0 = Release|Any CPU
		{8565DBDE-5F67-4B2F-9DDA-BFC921E84DD2}.Debug|Any CPU.ActiveCfg = Debug|Any CPU
		{8565DBDE-5F67-4B2F-9DDA-BFC921E84DD2}.Debug|Any CPU.Build.0 = Debug|Any CPU
		{8565DBDE-5F67-4B2F-9DDA-BFC921E84DD2}.Release|Any CPU.ActiveCfg = Release|Any CPU
		{8565DBDE-5F67-4B2F-9DDA-BFC921E84DD2}.Release|Any CPU.Build.0 = Release|Any CPU
		{DEACEFCB-6BE5-4A13-9E58-387563531878}.Debug|Any CPU.ActiveCfg = Debug|Any CPU
		{DEACEFCB-6BE5-4A13-9E58-387563531878}.Debug|Any CPU.Build.0 = Debug|Any CPU
		{DEACEFCB-6BE5-4A13-9E58-387563531878}.Release|Any CPU.ActiveCfg = Release|Any CPU
		{DEACEFCB-6BE5-4A13-9E58-387563531878}.Release|Any CPU.Build.0 = Release|Any CPU
		{AEEABA57-7DC8-4634-8F67-2FA94BDA37E4}.Debug|Any CPU.ActiveCfg = Debug|Any CPU
		{AEEABA57-7DC8-4634-8F67-2FA94BDA37E4}.Debug|Any CPU.Build.0 = Debug|Any CPU
		{AEEABA57-7DC8-4634-8F67-2FA94BDA37E4}.Release|Any CPU.ActiveCfg = Release|Any CPU
		{AEEABA57-7DC8-4634-8F67-2FA94BDA37E4}.Release|Any CPU.Build.0 = Release|Any CPU
		{C381BB81-79C8-4D63-8BFA-DA2BAB169085}.Debug|Any CPU.ActiveCfg = Debug|Any CPU
		{C381BB81-79C8-4D63-8BFA-DA2BAB169085}.Debug|Any CPU.Build.0 = Debug|Any CPU
		{C381BB81-79C8-4D63-8BFA-DA2BAB169085}.Release|Any CPU.ActiveCfg = Release|Any CPU
		{C381BB81-79C8-4D63-8BFA-DA2BAB169085}.Release|Any CPU.Build.0 = Release|Any CPU
		{A183D433-BA50-40D3-AACF-57ECC1687975}.Debug|Any CPU.ActiveCfg = Debug|Any CPU
		{A183D433-BA50-40D3-AACF-57ECC1687975}.Debug|Any CPU.Build.0 = Debug|Any CPU
		{A183D433-BA50-40D3-AACF-57ECC1687975}.Release|Any CPU.ActiveCfg = Release|Any CPU
		{A183D433-BA50-40D3-AACF-57ECC1687975}.Release|Any CPU.Build.0 = Release|Any CPU
		{34A33C10-957B-49EB-8C46-86D752F12EB5}.Debug|Any CPU.ActiveCfg = Debug|Any CPU
		{34A33C10-957B-49EB-8C46-86D752F12EB5}.Debug|Any CPU.Build.0 = Debug|Any CPU
		{34A33C10-957B-49EB-8C46-86D752F12EB5}.Release|Any CPU.ActiveCfg = Release|Any CPU
		{34A33C10-957B-49EB-8C46-86D752F12EB5}.Release|Any CPU.Build.0 = Release|Any CPU
		{62B04DFC-300B-4F0B-8C42-EB2C9C300ACB}.Debug|Any CPU.ActiveCfg = Debug|Any CPU
		{62B04DFC-300B-4F0B-8C42-EB2C9C300ACB}.Debug|Any CPU.Build.0 = Debug|Any CPU
		{62B04DFC-300B-4F0B-8C42-EB2C9C300ACB}.Release|Any CPU.ActiveCfg = Release|Any CPU
		{62B04DFC-300B-4F0B-8C42-EB2C9C300ACB}.Release|Any CPU.Build.0 = Release|Any CPU
		{B76E62C3-83E3-43F5-852A-C70C823FF432}.Debug|Any CPU.ActiveCfg = Debug|Any CPU
		{B76E62C3-83E3-43F5-852A-C70C823FF432}.Debug|Any CPU.Build.0 = Debug|Any CPU
		{B76E62C3-83E3-43F5-852A-C70C823FF432}.Release|Any CPU.ActiveCfg = Release|Any CPU
		{B76E62C3-83E3-43F5-852A-C70C823FF432}.Release|Any CPU.Build.0 = Release|Any CPU
		{49EE98A8-B2F3-4B4F-A5A9-27BE9F6DDD82}.Debug|Any CPU.ActiveCfg = Debug|Any CPU
		{49EE98A8-B2F3-4B4F-A5A9-27BE9F6DDD82}.Debug|Any CPU.Build.0 = Debug|Any CPU
		{49EE98A8-B2F3-4B4F-A5A9-27BE9F6DDD82}.Release|Any CPU.ActiveCfg = Release|Any CPU
		{49EE98A8-B2F3-4B4F-A5A9-27BE9F6DDD82}.Release|Any CPU.Build.0 = Release|Any CPU
		{2B00CF2B-F1FC-4926-B314-0B400375A720}.Debug|Any CPU.ActiveCfg = Debug|Any CPU
		{2B00CF2B-F1FC-4926-B314-0B400375A720}.Debug|Any CPU.Build.0 = Debug|Any CPU
		{2B00CF2B-F1FC-4926-B314-0B400375A720}.Release|Any CPU.ActiveCfg = Release|Any CPU
		{2B00CF2B-F1FC-4926-B314-0B400375A720}.Release|Any CPU.Build.0 = Release|Any CPU
	EndGlobalSection
	GlobalSection(SolutionProperties) = preSolution
		HideSolutionNode = FALSE
	EndGlobalSection
	GlobalSection(NestedProjects) = preSolution
		{B033D9CB-DD91-4AFD-98E1-0EA01C24ED94} = {3E1CBE94-D11A-4540-9C47-18E259413098}
		{E4B61137-82A2-44C1-817F-EC11948045C4} = {3E1CBE94-D11A-4540-9C47-18E259413098}
		{6EB1C733-D2E1-4044-91BC-B6DBC5B82E97} = {71E6D3C4-55CA-4ACA-9EEA-36D866EABC2B}
		{7DF07FD8-4EB8-4C11-ADD9-1E50B8E90032} = {71E6D3C4-55CA-4ACA-9EEA-36D866EABC2B}
		{726E3035-3DAF-4475-8A0B-F159FE424CF7} = {3E1CBE94-D11A-4540-9C47-18E259413098}
		{8565DBDE-5F67-4B2F-9DDA-BFC921E84DD2} = {3E1CBE94-D11A-4540-9C47-18E259413098}
		{DEACEFCB-6BE5-4A13-9E58-387563531878} = {88BF6859-FFE0-4B30-B9E6-1C129549BEF8}
		{AEEABA57-7DC8-4634-8F67-2FA94BDA37E4} = {ED0795A5-2E49-4FE9-B7DE-15A4979025F5}
		{C381BB81-79C8-4D63-8BFA-DA2BAB169085} = {4A71F6BD-3C03-4BC4-A90F-32BC9AF2222B}
		{A183D433-BA50-40D3-AACF-57ECC1687975} = {4A71F6BD-3C03-4BC4-A90F-32BC9AF2222B}
		{4A71F6BD-3C03-4BC4-A90F-32BC9AF2222B} = {63445768-15A2-4DD1-A0DF-73C9D8241BD6}
		{3E1CBE94-D11A-4540-9C47-18E259413098} = {5D0C5753-620B-4E95-A0B9-77967DCDE591}
		{88BF6859-FFE0-4B30-B9E6-1C129549BEF8} = {5D0C5753-620B-4E95-A0B9-77967DCDE591}
		{71E6D3C4-55CA-4ACA-9EEA-36D866EABC2B} = {5D0C5753-620B-4E95-A0B9-77967DCDE591}
		{ED0795A5-2E49-4FE9-B7DE-15A4979025F5} = {63445768-15A2-4DD1-A0DF-73C9D8241BD6}
		{34AC202F-57DF-432D-B244-58BF938C797F} = {63445768-15A2-4DD1-A0DF-73C9D8241BD6}
		{34A33C10-957B-49EB-8C46-86D752F12EB5} = {34AC202F-57DF-432D-B244-58BF938C797F}
		{477DB826-62F7-4ECB-A3E0-6FE9692F39EA} = {63445768-15A2-4DD1-A0DF-73C9D8241BD6}
		{62B04DFC-300B-4F0B-8C42-EB2C9C300ACB} = {477DB826-62F7-4ECB-A3E0-6FE9692F39EA}
		{B76E62C3-83E3-43F5-852A-C70C823FF432} = {D4E57919-193F-4694-87C8-A1ED72771EE4}
		{49EE98A8-B2F3-4B4F-A5A9-27BE9F6DDD82} = {91A0E367-B833-4460-BB8A-6025656DE751}
		{2B00CF2B-F1FC-4926-B314-0B400375A720} = {91A0E367-B833-4460-BB8A-6025656DE751}
	EndGlobalSection
EndGlobal
