
Microsoft Visual Studio Solution File, Format Version 12.00
# Visual Studio 15
VisualStudioVersion = 15.0.26730.16
MinimumVisualStudioVersion = 10.0.40219.1
Project("{FAE04EC0-301F-11D3-BF4B-00C04F79EFBC}") = "CustomBehaviorsLibrary", "CustomBehaviorsLibrary\CustomBehaviorsLibrary.csproj", "{9C3191CC-89E3-4CD6-B437-8DDD160B336B}"
EndProject
Project("{FAE04EC0-301F-11D3-BF4B-00C04F79EFBC}") = "CustomBehaviors", "CustomBehaviors\CustomBehaviors.csproj", "{9A547DAA-E0A5-47A0-B46A-93E536296869}"
EndProject
Global
	GlobalSection(SolutionConfigurationPlatforms) = preSolution
		Debug|Any CPU = Debug|Any CPU
		Release|Any CPU = Release|Any CPU
	EndGlobalSection
	GlobalSection(ProjectConfigurationPlatforms) = postSolution
		{9C3191CC-89E3-4CD6-B437-8DDD160B336B}.Debug|Any CPU.ActiveCfg = Debug|Any CPU
		{9C3191CC-89E3-4CD6-B437-8DDD160B336B}.Debug|Any CPU.Build.0 = Debug|Any CPU
		{9C3191CC-89E3-4CD6-B437-8DDD160B336B}.Release|Any CPU.ActiveCfg = Release|Any CPU
		{9C3191CC-89E3-4CD6-B437-8DDD160B336B}.Release|Any CPU.Build.0 = Release|Any CPU
		{9A547DAA-E0A5-47A0-B46A-93E536296869}.Debug|Any CPU.ActiveCfg = Debug|Any CPU
		{9A547DAA-E0A5-47A0-B46A-93E536296869}.Debug|Any CPU.Build.0 = Debug|Any CPU
		{9A547DAA-E0A5-47A0-B46A-93E536296869}.Release|Any CPU.ActiveCfg = Release|Any CPU
		{9A547DAA-E0A5-47A0-B46A-93E536296869}.Release|Any CPU.Build.0 = Release|Any CPU
	EndGlobalSection
	GlobalSection(SolutionProperties) = preSolution
		HideSolutionNode = FALSE
	EndGlobalSection
	GlobalSection(ExtensibilityGlobals) = postSolution
		SolutionGuid = {F676021A-B226-44EB-B3EF-868933C75EB6}
	EndGlobalSection
EndGlobal
