
Microsoft Visual Studio Solution File, Format Version 12.00
# Visual Studio 2013
VisualStudioVersion = 12.0.31101.0
MinimumVisualStudioVersion = 10.0.40219.1
Project("{FAE04EC0-301F-11D3-BF4B-00C04F79EFBC}") = "ConsoleApplication1", "ConsoleApplication1.csproj", "{41E74646-D52C-46D7-9939-BBBF8D664BCB}"
EndProject
Project("{FAE04EC0-301F-11D3-BF4B-00C04F79EFBC}") = "ConsoleAppTestDelegate", "..\ConsoleAppTestDelegate\ConsoleAppTestDelegate.csproj", "{036862B8-E339-40A6-85B3-D440782DCEE9}"
EndProject
Project("{FAE04EC0-301F-11D3-BF4B-00C04F79EFBC}") = "ConsoleAppTestDelegate2", "..\ConsoleAppTestDelegate2\ConsoleAppTestDelegate2.csproj", "{C5F72F44-BED6-421B-84B0-A6BFED5BBD15}"
EndProject
Project("{FAE04EC0-301F-11D3-BF4B-00C04F79EFBC}") = "TestTimerApp", "..\TestTimerApp\TestTimerApp.csproj", "{53512D1A-7B5A-4106-B518-C8F97880FB62}"
EndProject
Project("{FAE04EC0-301F-11D3-BF4B-00C04F79EFBC}") = "TestWriteToFileConsoleApplication", "..\TestWriteToFileConsoleApplication\TestWriteToFileConsoleApplication.csproj", "{A2501F44-F70B-4164-8CDD-B245FC2F8A91}"
EndProject
Project("{FAE04EC0-301F-11D3-BF4B-00C04F79EFBC}") = "ConsoleAppTestDelegate3", "..\ConsoleAppTestDelegate3\ConsoleAppTestDelegate3.csproj", "{6E944CA4-179F-4CA9-8B0E-995360263A5A}"
EndProject
Project("{FAE04EC0-301F-11D3-BF4B-00C04F79EFBC}") = "ConsoleApplication5", "..\ConsoleApplication5\ConsoleApplication5.csproj", "{71832852-4977-4E81-AD83-2AF6611EC4EB}"
EndProject
Project("{FAE04EC0-301F-11D3-BF4B-00C04F79EFBC}") = "ConsoleApplication6", "..\ConsoleApplication6\ConsoleApplication6.csproj", "{EE4C6DE5-4556-4B02-B835-99E72C102F1F}"
EndProject
Project("{FAE04EC0-301F-11D3-BF4B-00C04F79EFBC}") = "TestConsoleApplication4", "..\TestConsoleApplication4\TestConsoleApplication4.csproj", "{0B43CD61-BAF6-4BBC-8155-512356C73B9A}"
EndProject
Project("{FAE04EC0-301F-11D3-BF4B-00C04F79EFBC}") = "ConsoleApplicationTestRequest", "..\ConsoleApplicationTestRequest\ConsoleApplicationTestRequest.csproj", "{CF284F2F-8506-4D29-BE38-D2E5ED7E5241}"
EndProject
Project("{FAE04EC0-301F-11D3-BF4B-00C04F79EFBC}") = "TestConsoleAppRef", "..\TestConsoleAppRef\TestConsoleAppRef.csproj", "{053E09F2-A61C-4DF2-854F-C40F92671DB9}"
EndProject
Project("{FAE04EC0-301F-11D3-BF4B-00C04F79EFBC}") = "TestDerivedInterface", "TestDerivedInterface\TestDerivedInterface.csproj", "{05417975-BC99-4FB5-A1B9-5E984F6E8905}"
EndProject
Project("{FAE04EC0-301F-11D3-BF4B-00C04F79EFBC}") = "WpfGraficApplication", "..\WpfGraficApplication\WpfGraficApplication.csproj", "{C05AFC94-EBF8-451A-B066-F84645C57CB4}"
EndProject
Project("{FAE04EC0-301F-11D3-BF4B-00C04F79EFBC}") = "TestWidthChange", "..\TestWidthChange\TestWidthChange.csproj", "{4BA4A673-106E-4E53-99AE-5F0592AFFB1D}"
EndProject
Project("{FAE04EC0-301F-11D3-BF4B-00C04F79EFBC}") = "WpfApplication1TestRelativeGrafics", "..\WpfApplication1TestRelativeGrafics\WpfApplication1TestRelativeGrafics.csproj", "{F5A921E1-E92D-4E00-83F3-109407976143}"
EndProject
Global
	GlobalSection(SolutionConfigurationPlatforms) = preSolution
		Debug|Any CPU = Debug|Any CPU
		Release|Any CPU = Release|Any CPU
	EndGlobalSection
	GlobalSection(ProjectConfigurationPlatforms) = postSolution
		{41E74646-D52C-46D7-9939-BBBF8D664BCB}.Debug|Any CPU.ActiveCfg = Debug|Any CPU
		{41E74646-D52C-46D7-9939-BBBF8D664BCB}.Debug|Any CPU.Build.0 = Debug|Any CPU
		{41E74646-D52C-46D7-9939-BBBF8D664BCB}.Release|Any CPU.ActiveCfg = Release|Any CPU
		{41E74646-D52C-46D7-9939-BBBF8D664BCB}.Release|Any CPU.Build.0 = Release|Any CPU
		{036862B8-E339-40A6-85B3-D440782DCEE9}.Debug|Any CPU.ActiveCfg = Debug|Any CPU
		{036862B8-E339-40A6-85B3-D440782DCEE9}.Debug|Any CPU.Build.0 = Debug|Any CPU
		{036862B8-E339-40A6-85B3-D440782DCEE9}.Release|Any CPU.ActiveCfg = Release|Any CPU
		{036862B8-E339-40A6-85B3-D440782DCEE9}.Release|Any CPU.Build.0 = Release|Any CPU
		{C5F72F44-BED6-421B-84B0-A6BFED5BBD15}.Debug|Any CPU.ActiveCfg = Debug|Any CPU
		{C5F72F44-BED6-421B-84B0-A6BFED5BBD15}.Debug|Any CPU.Build.0 = Debug|Any CPU
		{C5F72F44-BED6-421B-84B0-A6BFED5BBD15}.Release|Any CPU.ActiveCfg = Release|Any CPU
		{C5F72F44-BED6-421B-84B0-A6BFED5BBD15}.Release|Any CPU.Build.0 = Release|Any CPU
		{53512D1A-7B5A-4106-B518-C8F97880FB62}.Debug|Any CPU.ActiveCfg = Debug|Any CPU
		{53512D1A-7B5A-4106-B518-C8F97880FB62}.Debug|Any CPU.Build.0 = Debug|Any CPU
		{53512D1A-7B5A-4106-B518-C8F97880FB62}.Release|Any CPU.ActiveCfg = Release|Any CPU
		{53512D1A-7B5A-4106-B518-C8F97880FB62}.Release|Any CPU.Build.0 = Release|Any CPU
		{A2501F44-F70B-4164-8CDD-B245FC2F8A91}.Debug|Any CPU.ActiveCfg = Debug|Any CPU
		{A2501F44-F70B-4164-8CDD-B245FC2F8A91}.Debug|Any CPU.Build.0 = Debug|Any CPU
		{A2501F44-F70B-4164-8CDD-B245FC2F8A91}.Release|Any CPU.ActiveCfg = Release|Any CPU
		{A2501F44-F70B-4164-8CDD-B245FC2F8A91}.Release|Any CPU.Build.0 = Release|Any CPU
		{6E944CA4-179F-4CA9-8B0E-995360263A5A}.Debug|Any CPU.ActiveCfg = Debug|Any CPU
		{6E944CA4-179F-4CA9-8B0E-995360263A5A}.Debug|Any CPU.Build.0 = Debug|Any CPU
		{6E944CA4-179F-4CA9-8B0E-995360263A5A}.Release|Any CPU.ActiveCfg = Release|Any CPU
		{6E944CA4-179F-4CA9-8B0E-995360263A5A}.Release|Any CPU.Build.0 = Release|Any CPU
		{71832852-4977-4E81-AD83-2AF6611EC4EB}.Debug|Any CPU.ActiveCfg = Debug|Any CPU
		{71832852-4977-4E81-AD83-2AF6611EC4EB}.Debug|Any CPU.Build.0 = Debug|Any CPU
		{71832852-4977-4E81-AD83-2AF6611EC4EB}.Release|Any CPU.ActiveCfg = Release|Any CPU
		{71832852-4977-4E81-AD83-2AF6611EC4EB}.Release|Any CPU.Build.0 = Release|Any CPU
		{EE4C6DE5-4556-4B02-B835-99E72C102F1F}.Debug|Any CPU.ActiveCfg = Debug|Any CPU
		{EE4C6DE5-4556-4B02-B835-99E72C102F1F}.Debug|Any CPU.Build.0 = Debug|Any CPU
		{EE4C6DE5-4556-4B02-B835-99E72C102F1F}.Release|Any CPU.ActiveCfg = Release|Any CPU
		{EE4C6DE5-4556-4B02-B835-99E72C102F1F}.Release|Any CPU.Build.0 = Release|Any CPU
		{0B43CD61-BAF6-4BBC-8155-512356C73B9A}.Debug|Any CPU.ActiveCfg = Debug|Any CPU
		{0B43CD61-BAF6-4BBC-8155-512356C73B9A}.Debug|Any CPU.Build.0 = Debug|Any CPU
		{0B43CD61-BAF6-4BBC-8155-512356C73B9A}.Release|Any CPU.ActiveCfg = Release|Any CPU
		{0B43CD61-BAF6-4BBC-8155-512356C73B9A}.Release|Any CPU.Build.0 = Release|Any CPU
		{CF284F2F-8506-4D29-BE38-D2E5ED7E5241}.Debug|Any CPU.ActiveCfg = Debug|Any CPU
		{CF284F2F-8506-4D29-BE38-D2E5ED7E5241}.Debug|Any CPU.Build.0 = Debug|Any CPU
		{CF284F2F-8506-4D29-BE38-D2E5ED7E5241}.Release|Any CPU.ActiveCfg = Release|Any CPU
		{CF284F2F-8506-4D29-BE38-D2E5ED7E5241}.Release|Any CPU.Build.0 = Release|Any CPU
		{053E09F2-A61C-4DF2-854F-C40F92671DB9}.Debug|Any CPU.ActiveCfg = Debug|Any CPU
		{053E09F2-A61C-4DF2-854F-C40F92671DB9}.Debug|Any CPU.Build.0 = Debug|Any CPU
		{053E09F2-A61C-4DF2-854F-C40F92671DB9}.Release|Any CPU.ActiveCfg = Release|Any CPU
		{053E09F2-A61C-4DF2-854F-C40F92671DB9}.Release|Any CPU.Build.0 = Release|Any CPU
		{05417975-BC99-4FB5-A1B9-5E984F6E8905}.Debug|Any CPU.ActiveCfg = Debug|Any CPU
		{05417975-BC99-4FB5-A1B9-5E984F6E8905}.Debug|Any CPU.Build.0 = Debug|Any CPU
		{05417975-BC99-4FB5-A1B9-5E984F6E8905}.Release|Any CPU.ActiveCfg = Release|Any CPU
		{05417975-BC99-4FB5-A1B9-5E984F6E8905}.Release|Any CPU.Build.0 = Release|Any CPU
		{C05AFC94-EBF8-451A-B066-F84645C57CB4}.Debug|Any CPU.ActiveCfg = Debug|Any CPU
		{C05AFC94-EBF8-451A-B066-F84645C57CB4}.Debug|Any CPU.Build.0 = Debug|Any CPU
		{C05AFC94-EBF8-451A-B066-F84645C57CB4}.Release|Any CPU.ActiveCfg = Release|Any CPU
		{C05AFC94-EBF8-451A-B066-F84645C57CB4}.Release|Any CPU.Build.0 = Release|Any CPU
		{4BA4A673-106E-4E53-99AE-5F0592AFFB1D}.Debug|Any CPU.ActiveCfg = Debug|Any CPU
		{4BA4A673-106E-4E53-99AE-5F0592AFFB1D}.Debug|Any CPU.Build.0 = Debug|Any CPU
		{4BA4A673-106E-4E53-99AE-5F0592AFFB1D}.Release|Any CPU.ActiveCfg = Release|Any CPU
		{4BA4A673-106E-4E53-99AE-5F0592AFFB1D}.Release|Any CPU.Build.0 = Release|Any CPU
		{F5A921E1-E92D-4E00-83F3-109407976143}.Debug|Any CPU.ActiveCfg = Debug|Any CPU
		{F5A921E1-E92D-4E00-83F3-109407976143}.Debug|Any CPU.Build.0 = Debug|Any CPU
		{F5A921E1-E92D-4E00-83F3-109407976143}.Release|Any CPU.ActiveCfg = Release|Any CPU
		{F5A921E1-E92D-4E00-83F3-109407976143}.Release|Any CPU.Build.0 = Release|Any CPU
	EndGlobalSection
	GlobalSection(SolutionProperties) = preSolution
		HideSolutionNode = FALSE
	EndGlobalSection
EndGlobal
